// !$*UTF8*$!
{
	archiveVersion = 1;
	classes = {
	};
	objectVersion = 56;
	objects = {

/* Begin PBXBuildFile section */
		4C1563CF2BD3E1B100B16BD1 /* ProgressBar.swift in Sources */ = {isa = PBXBuildFile; fileRef = 4C1563CE2BD3E1B100B16BD1 /* ProgressBar.swift */; };
		4C1563D12BD3F68600B16BD1 /* PieceList.swift in Sources */ = {isa = PBXBuildFile; fileRef = 4C1563D02BD3F68600B16BD1 /* PieceList.swift */; };
		4C91F3272C44DA6300FAC410 /* ApplicationData.swift in Sources */ = {isa = PBXBuildFile; fileRef = 4C91F3262C44DA6300FAC410 /* ApplicationData.swift */; };
		4CA443EB2BEF43F3000A055F /* NewPiece.swift in Sources */ = {isa = PBXBuildFile; fileRef = 4CA443EA2BEF43F3000A055F /* NewPiece.swift */; };
		4CB4D9992BA0DA4B001D211F /* ComposerRow.swift in Sources */ = {isa = PBXBuildFile; fileRef = 4CB4D9982BA0DA4B001D211F /* ComposerRow.swift */; };
		4CB4D99B2BA0E06D001D211F /* PieceName.swift in Sources */ = {isa = PBXBuildFile; fileRef = 4CB4D99A2BA0E06D001D211F /* PieceName.swift */; };
		4CD09E9D2BA1814400201990 /* ProgressControl.swift in Sources */ = {isa = PBXBuildFile; fileRef = 4CD09E9C2BA1814400201990 /* ProgressControl.swift */; };
		4CE12C292B9E335C00591A8D /* pieceData.json in Resources */ = {isa = PBXBuildFile; fileRef = 4CE12C282B9E335C00591A8D /* pieceData.json */; };
		4CE12C2C2B9E349100591A8D /* Piece.swift in Sources */ = {isa = PBXBuildFile; fileRef = 4CE12C2B2B9E349100591A8D /* Piece.swift */; };
		4CE12C2E2B9E36C000591A8D /* ModelData.swift in Sources */ = {isa = PBXBuildFile; fileRef = 4CE12C2D2B9E36C000591A8D /* ModelData.swift */; };
		4CF68AE02B9DFA26006F4419 /* PieceprogresstrackerApp.swift in Sources */ = {isa = PBXBuildFile; fileRef = 4CF68ADF2B9DFA26006F4419 /* PieceprogresstrackerApp.swift */; };
		4CF68AE22B9DFA26006F4419 /* ContentView.swift in Sources */ = {isa = PBXBuildFile; fileRef = 4CF68AE12B9DFA26006F4419 /* ContentView.swift */; };
		4CF68AE42B9DFA28006F4419 /* Assets.xcassets in Resources */ = {isa = PBXBuildFile; fileRef = 4CF68AE32B9DFA28006F4419 /* Assets.xcassets */; };
		4CF68AE72B9DFA28006F4419 /* Preview Assets.xcassets in Resources */ = {isa = PBXBuildFile; fileRef = 4CF68AE62B9DFA28006F4419 /* Preview Assets.xcassets */; };
/* End PBXBuildFile section */

/* Begin PBXFileReference section */
		4C1563CE2BD3E1B100B16BD1 /* ProgressBar.swift */ = {isa = PBXFileReference; lastKnownFileType = sourcecode.swift; path = ProgressBar.swift; sourceTree = "<group>"; };
		4C1563D02BD3F68600B16BD1 /* PieceList.swift */ = {isa = PBXFileReference; lastKnownFileType = sourcecode.swift; path = PieceList.swift; sourceTree = "<group>"; };
		4C91F3262C44DA6300FAC410 /* ApplicationData.swift */ = {isa = PBXFileReference; lastKnownFileType = sourcecode.swift; path = ApplicationData.swift; sourceTree = "<group>"; };
		4CA443EA2BEF43F3000A055F /* NewPiece.swift */ = {isa = PBXFileReference; lastKnownFileType = sourcecode.swift; path = NewPiece.swift; sourceTree = "<group>"; };
		4CB4D9982BA0DA4B001D211F /* ComposerRow.swift */ = {isa = PBXFileReference; lastKnownFileType = sourcecode.swift; path = ComposerRow.swift; sourceTree = "<group>"; };
		4CB4D99A2BA0E06D001D211F /* PieceName.swift */ = {isa = PBXFileReference; lastKnownFileType = sourcecode.swift; path = PieceName.swift; sourceTree = "<group>"; };
		4CD09E9C2BA1814400201990 /* ProgressControl.swift */ = {isa = PBXFileReference; lastKnownFileType = sourcecode.swift; path = ProgressControl.swift; sourceTree = "<group>"; };
		4CE12C282B9E335C00591A8D /* pieceData.json */ = {isa = PBXFileReference; fileEncoding = 4; lastKnownFileType = text.json; path = pieceData.json; sourceTree = "<group>"; };
		4CE12C2B2B9E349100591A8D /* Piece.swift */ = {isa = PBXFileReference; lastKnownFileType = sourcecode.swift; path = Piece.swift; sourceTree = "<group>"; };
		4CE12C2D2B9E36C000591A8D /* ModelData.swift */ = {isa = PBXFileReference; lastKnownFileType = sourcecode.swift; path = ModelData.swift; sourceTree = "<group>"; };
		4CF68ADC2B9DFA26006F4419 /* Pieceprogresstracker.app */ = {isa = PBXFileReference; explicitFileType = wrapper.application; includeInIndex = 0; path = Pieceprogresstracker.app; sourceTree = BUILT_PRODUCTS_DIR; };
		4CF68ADF2B9DFA26006F4419 /* PieceprogresstrackerApp.swift */ = {isa = PBXFileReference; lastKnownFileType = sourcecode.swift; path = PieceprogresstrackerApp.swift; sourceTree = "<group>"; };
		4CF68AE12B9DFA26006F4419 /* ContentView.swift */ = {isa = PBXFileReference; lastKnownFileType = sourcecode.swift; path = ContentView.swift; sourceTree = "<group>"; };
		4CF68AE32B9DFA28006F4419 /* Assets.xcassets */ = {isa = PBXFileReference; lastKnownFileType = folder.assetcatalog; path = Assets.xcassets; sourceTree = "<group>"; };
		4CF68AE62B9DFA28006F4419 /* Preview Assets.xcassets */ = {isa = PBXFileReference; lastKnownFileType = folder.assetcatalog; path = "Preview Assets.xcassets"; sourceTree = "<group>"; };
/* End PBXFileReference section */

/* Begin PBXFrameworksBuildPhase section */
		4CF68AD92B9DFA26006F4419 /* Frameworks */ = {
			isa = PBXFrameworksBuildPhase;
			buildActionMask = 2147483647;
			files = (
			);
			runOnlyForDeploymentPostprocessing = 0;
		};
/* End PBXFrameworksBuildPhase section */

/* Begin PBXGroup section */
		4CB4D9972BA0D9EC001D211F /* Views */ = {
			isa = PBXGroup;
			children = (
				4C1563D02BD3F68600B16BD1 /* PieceList.swift */,
				4CA443EA2BEF43F3000A055F /* NewPiece.swift */,
				4CB4D9982BA0DA4B001D211F /* ComposerRow.swift */,
				4CB4D99A2BA0E06D001D211F /* PieceName.swift */,
				4CD09E9C2BA1814400201990 /* ProgressControl.swift */,
				4C1563CE2BD3E1B100B16BD1 /* ProgressBar.swift */,
			);
			path = Views;
			sourceTree = "<group>";
		};
		4CE12C272B9E333D00591A8D /* Resources */ = {
			isa = PBXGroup;
			children = (
				4CE12C282B9E335C00591A8D /* pieceData.json */,
			);
			path = Resources;
			sourceTree = "<group>";
		};
		4CE12C2A2B9E344D00591A8D /* Model */ = {
			isa = PBXGroup;
			children = (
				4CE12C2B2B9E349100591A8D /* Piece.swift */,
				4CE12C2D2B9E36C000591A8D /* ModelData.swift */,
				4C91F3262C44DA6300FAC410 /* ApplicationData.swift */,
			);
			path = Model;
			sourceTree = "<group>";
		};
		4CF68AD32B9DFA26006F4419 = {
			isa = PBXGroup;
			children = (
				4CF68ADE2B9DFA26006F4419 /* Pieceprogresstracker */,
				4CF68ADD2B9DFA26006F4419 /* Products */,
			);
			sourceTree = "<group>";
		};
		4CF68ADD2B9DFA26006F4419 /* Products */ = {
			isa = PBXGroup;
			children = (
				4CF68ADC2B9DFA26006F4419 /* Pieceprogresstracker.app */,
			);
			name = Products;
			sourceTree = "<group>";
		};
		4CF68ADE2B9DFA26006F4419 /* Pieceprogresstracker */ = {
			isa = PBXGroup;
			children = (
				4CF68ADF2B9DFA26006F4419 /* PieceprogresstrackerApp.swift */,
				4CF68AE12B9DFA26006F4419 /* ContentView.swift */,
				4CF68AE32B9DFA28006F4419 /* Assets.xcassets */,
				4CE12C2A2B9E344D00591A8D /* Model */,
				4CE12C272B9E333D00591A8D /* Resources */,
				4CB4D9972BA0D9EC001D211F /* Views */,
				4CF68AE52B9DFA28006F4419 /* Preview Content */,
			);
			path = Pieceprogresstracker;
			sourceTree = "<group>";
		};
		4CF68AE52B9DFA28006F4419 /* Preview Content */ = {
			isa = PBXGroup;
			children = (
				4CF68AE62B9DFA28006F4419 /* Preview Assets.xcassets */,
			);
			path = "Preview Content";
			sourceTree = "<group>";
		};
/* End PBXGroup section */

/* Begin PBXNativeTarget section */
		4CF68ADB2B9DFA26006F4419 /* Pieceprogresstracker */ = {
			isa = PBXNativeTarget;
			buildConfigurationList = 4CF68AEA2B9DFA28006F4419 /* Build configuration list for PBXNativeTarget "Pieceprogresstracker" */;
			buildPhases = (
				4CF68AD82B9DFA26006F4419 /* Sources */,
				4CF68AD92B9DFA26006F4419 /* Frameworks */,
				4CF68ADA2B9DFA26006F4419 /* Resources */,
			);
			buildRules = (
			);
			dependencies = (
			);
			name = Pieceprogresstracker;
			productName = Pieceprogresstracker;
			productReference = 4CF68ADC2B9DFA26006F4419 /* Pieceprogresstracker.app */;
			productType = "com.apple.product-type.application";
		};
/* End PBXNativeTarget section */

/* Begin PBXProject section */
		4CF68AD42B9DFA26006F4419 /* Project object */ = {
			isa = PBXProject;
			attributes = {
				BuildIndependentTargetsInParallel = 1;
				LastSwiftUpdateCheck = 1520;
				LastUpgradeCheck = 1520;
				TargetAttributes = {
					4CF68ADB2B9DFA26006F4419 = {
						CreatedOnToolsVersion = 15.2;
					};
				};
			};
			buildConfigurationList = 4CF68AD72B9DFA26006F4419 /* Build configuration list for PBXProject "Pieceprogresstracker" */;
			compatibilityVersion = "Xcode 14.0";
			developmentRegion = en;
			hasScannedForEncodings = 0;
			knownRegions = (
				en,
				Base,
			);
			mainGroup = 4CF68AD32B9DFA26006F4419;
			productRefGroup = 4CF68ADD2B9DFA26006F4419 /* Products */;
			projectDirPath = "";
			projectRoot = "";
			targets = (
				4CF68ADB2B9DFA26006F4419 /* Pieceprogresstracker */,
			);
		};
/* End PBXProject section */

/* Begin PBXResourcesBuildPhase section */
		4CF68ADA2B9DFA26006F4419 /* Resources */ = {
			isa = PBXResourcesBuildPhase;
			buildActionMask = 2147483647;
			files = (
				4CF68AE72B9DFA28006F4419 /* Preview Assets.xcassets in Resources */,
				4CE12C292B9E335C00591A8D /* pieceData.json in Resources */,
				4CF68AE42B9DFA28006F4419 /* Assets.xcassets in Resources */,
			);
			runOnlyForDeploymentPostprocessing = 0;
		};
/* End PBXResourcesBuildPhase section */

/* Begin PBXSourcesBuildPhase section */
		4CF68AD82B9DFA26006F4419 /* Sources */ = {
			isa = PBXSourcesBuildPhase;
			buildActionMask = 2147483647;
			files = (
				4CF68AE22B9DFA26006F4419 /* ContentView.swift in Sources */,
				4CE12C2E2B9E36C000591A8D /* ModelData.swift in Sources */,
				4CB4D9992BA0DA4B001D211F /* ComposerRow.swift in Sources */,
				4C91F3272C44DA6300FAC410 /* ApplicationData.swift in Sources */,
				4C1563D12BD3F68600B16BD1 /* PieceList.swift in Sources */,
				4CB4D99B2BA0E06D001D211F /* PieceName.swift in Sources */,
				4CF68AE02B9DFA26006F4419 /* PieceprogresstrackerApp.swift in Sources */,
				4CE12C2C2B9E349100591A8D /* Piece.swift in Sources */,
				4C1563CF2BD3E1B100B16BD1 /* ProgressBar.swift in Sources */,
				4CD09E9D2BA1814400201990 /* ProgressControl.swift in Sources */,
				4CA443EB2BEF43F3000A055F /* NewPiece.swift in Sources */,
			);
			runOnlyForDeploymentPostprocessing = 0;
		};
/* End PBXSourcesBuildPhase section */

/* Begin XCBuildConfiguration section */
		4CF68AE82B9DFA28006F4419 /* Debug */ = {
			isa = XCBuildConfiguration;
			buildSettings = {
				ALWAYS_SEARCH_USER_PATHS = NO;
				ASSETCATALOG_COMPILER_GENERATE_SWIFT_ASSET_SYMBOL_EXTENSIONS = YES;
				CLANG_ANALYZER_NONNULL = YES;
				CLANG_ANALYZER_NUMBER_OBJECT_CONVERSION = YES_AGGRESSIVE;
				CLANG_CXX_LANGUAGE_STANDARD = "gnu++20";
				CLANG_ENABLE_MODULES = YES;
				CLANG_ENABLE_OBJC_ARC = YES;
				CLANG_ENABLE_OBJC_WEAK = YES;
				CLANG_WARN_BLOCK_CAPTURE_AUTORELEASING = YES;
				CLANG_WARN_BOOL_CONVERSION = YES;
				CLANG_WARN_COMMA = YES;
				CLANG_WARN_CONSTANT_CONVERSION = YES;
				CLANG_WARN_DEPRECATED_OBJC_IMPLEMENTATIONS = YES;
				CLANG_WARN_DIRECT_OBJC_ISA_USAGE = YES_ERROR;
				CLANG_WARN_DOCUMENTATION_COMMENTS = YES;
				CLANG_WARN_EMPTY_BODY = YES;
				CLANG_WARN_ENUM_CONVERSION = YES;
				CLANG_WARN_INFINITE_RECURSION = YES;
				CLANG_WARN_INT_CONVERSION = YES;
				CLANG_WARN_NON_LITERAL_NULL_CONVERSION = YES;
				CLANG_WARN_OBJC_IMPLICIT_RETAIN_SELF = YES;
				CLANG_WARN_OBJC_LITERAL_CONVERSION = YES;
				CLANG_WARN_OBJC_ROOT_CLASS = YES_ERROR;
				CLANG_WARN_QUOTED_INCLUDE_IN_FRAMEWORK_HEADER = YES;
				CLANG_WARN_RANGE_LOOP_ANALYSIS = YES;
				CLANG_WARN_STRICT_PROTOTYPES = YES;
				CLANG_WARN_SUSPICIOUS_MOVE = YES;
				CLANG_WARN_UNGUARDED_AVAILABILITY = YES_AGGRESSIVE;
				CLANG_WARN_UNREACHABLE_CODE = YES;
				CLANG_WARN__DUPLICATE_METHOD_MATCH = YES;
				COPY_PHASE_STRIP = NO;
				DEBUG_INFORMATION_FORMAT = dwarf;
				ENABLE_STRICT_OBJC_MSGSEND = YES;
				ENABLE_TESTABILITY = YES;
				ENABLE_USER_SCRIPT_SANDBOXING = YES;
				GCC_C_LANGUAGE_STANDARD = gnu17;
				GCC_DYNAMIC_NO_PIC = NO;
				GCC_NO_COMMON_BLOCKS = YES;
				GCC_OPTIMIZATION_LEVEL = 0;
				GCC_PREPROCESSOR_DEFINITIONS = (
					"DEBUG=1",
					"$(inherited)",
				);
				GCC_WARN_64_TO_32_BIT_CONVERSION = YES;
				GCC_WARN_ABOUT_RETURN_TYPE = YES_ERROR;
				GCC_WARN_UNDECLARED_SELECTOR = YES;
				GCC_WARN_UNINITIALIZED_AUTOS = YES_AGGRESSIVE;
				GCC_WARN_UNUSED_FUNCTION = YES;
				GCC_WARN_UNUSED_VARIABLE = YES;
				IPHONEOS_DEPLOYMENT_TARGET = 17.2;
				LOCALIZATION_PREFERS_STRING_CATALOGS = YES;
				MTL_ENABLE_DEBUG_INFO = INCLUDE_SOURCE;
				MTL_FAST_MATH = YES;
				ONLY_ACTIVE_ARCH = YES;
				SDKROOT = iphoneos;
				SWIFT_ACTIVE_COMPILATION_CONDITIONS = "DEBUG $(inherited)";
				SWIFT_OPTIMIZATION_LEVEL = "-Onone";
			};
			name = Debug;
		};
		4CF68AE92B9DFA28006F4419 /* Release */ = {
			isa = XCBuildConfiguration;
			buildSettings = {
				ALWAYS_SEARCH_USER_PATHS = NO;
				ASSETCATALOG_COMPILER_GENERATE_SWIFT_ASSET_SYMBOL_EXTENSIONS = YES;
				CLANG_ANALYZER_NONNULL = YES;
				CLANG_ANALYZER_NUMBER_OBJECT_CONVERSION = YES_AGGRESSIVE;
				CLANG_CXX_LANGUAGE_STANDARD = "gnu++20";
				CLANG_ENABLE_MODULES = YES;
				CLANG_ENABLE_OBJC_ARC = YES;
				CLANG_ENABLE_OBJC_WEAK = YES;
				CLANG_WARN_BLOCK_CAPTURE_AUTORELEASING = YES;
				CLANG_WARN_BOOL_CONVERSION = YES;
				CLANG_WARN_COMMA = YES;
				CLANG_WARN_CONSTANT_CONVERSION = YES;
				CLANG_WARN_DEPRECATED_OBJC_IMPLEMENTATIONS = YES;
				CLANG_WARN_DIRECT_OBJC_ISA_USAGE = YES_ERROR;
				CLANG_WARN_DOCUMENTATION_COMMENTS = YES;
				CLANG_WARN_EMPTY_BODY = YES;
				CLANG_WARN_ENUM_CONVERSION = YES;
				CLANG_WARN_INFINITE_RECURSION = YES;
				CLANG_WARN_INT_CONVERSION = YES;
				CLANG_WARN_NON_LITERAL_NULL_CONVERSION = YES;
				CLANG_WARN_OBJC_IMPLICIT_RETAIN_SELF = YES;
				CLANG_WARN_OBJC_LITERAL_CONVERSION = YES;
				CLANG_WARN_OBJC_ROOT_CLASS = YES_ERROR;
				CLANG_WARN_QUOTED_INCLUDE_IN_FRAMEWORK_HEADER = YES;
				CLANG_WARN_RANGE_LOOP_ANALYSIS = YES;
				CLANG_WARN_STRICT_PROTOTYPES = YES;
				CLANG_WARN_SUSPICIOUS_MOVE = YES;
				CLANG_WARN_UNGUARDED_AVAILABILITY = YES_AGGRESSIVE;
				CLANG_WARN_UNREACHABLE_CODE = YES;
				CLANG_WARN__DUPLICATE_METHOD_MATCH = YES;
				COPY_PHASE_STRIP = NO;
				DEBUG_INFORMATION_FORMAT = "dwarf-with-dsym";
				ENABLE_NS_ASSERTIONS = NO;
				ENABLE_STRICT_OBJC_MSGSEND = YES;
				ENABLE_USER_SCRIPT_SANDBOXING = YES;
				GCC_C_LANGUAGE_STANDARD = gnu17;
				GCC_NO_COMMON_BLOCKS = YES;
				GCC_WARN_64_TO_32_BIT_CONVERSION = YES;
				GCC_WARN_ABOUT_RETURN_TYPE = YES_ERROR;
				GCC_WARN_UNDECLARED_SELECTOR = YES;
				GCC_WARN_UNINITIALIZED_AUTOS = YES_AGGRESSIVE;
				GCC_WARN_UNUSED_FUNCTION = YES;
				GCC_WARN_UNUSED_VARIABLE = YES;
				IPHONEOS_DEPLOYMENT_TARGET = 17.2;
				LOCALIZATION_PREFERS_STRING_CATALOGS = YES;
				MTL_ENABLE_DEBUG_INFO = NO;
				MTL_FAST_MATH = YES;
				SDKROOT = iphoneos;
				SWIFT_COMPILATION_MODE = wholemodule;
				VALIDATE_PRODUCT = YES;
			};
			name = Release;
		};
		4CF68AEB2B9DFA28006F4419 /* Debug */ = {
			isa = XCBuildConfiguration;
			buildSettings = {
				ASSETCATALOG_COMPILER_APPICON_NAME = AppIcon;
				ASSETCATALOG_COMPILER_GLOBAL_ACCENT_COLOR_NAME = AccentColor;
				CODE_SIGN_STYLE = Automatic;
				CURRENT_PROJECT_VERSION = 1;
				DEVELOPMENT_ASSET_PATHS = "\"Pieceprogresstracker/Preview Content\"";
				DEVELOPMENT_TEAM = C8YXN3W9N5;
				ENABLE_PREVIEWS = YES;
				GENERATE_INFOPLIST_FILE = YES;
				INFOPLIST_KEY_UIApplicationSceneManifest_Generation = YES;
				INFOPLIST_KEY_UIApplicationSupportsIndirectInputEvents = YES;
				INFOPLIST_KEY_UILaunchScreen_Generation = YES;
				INFOPLIST_KEY_UISupportedInterfaceOrientations_iPad = "UIInterfaceOrientationPortrait UIInterfaceOrientationPortraitUpsideDown UIInterfaceOrientationLandscapeLeft UIInterfaceOrientationLandscapeRight";
				INFOPLIST_KEY_UISupportedInterfaceOrientations_iPhone = "UIInterfaceOrientationPortrait UIInterfaceOrientationLandscapeLeft UIInterfaceOrientationLandscapeRight";
				LD_RUNPATH_SEARCH_PATHS = (
					"$(inherited)",
					"@executable_path/Frameworks",
				);
				MARKETING_VERSION = 1.0;
				PRODUCT_BUNDLE_IDENTIFIER = moshwash.Pieceprogresstracker;
				PRODUCT_NAME = "$(TARGET_NAME)";
				SWIFT_EMIT_LOC_STRINGS = YES;
				SWIFT_VERSION = 5.0;
				TARGETED_DEVICE_FAMILY = "1,2";
			};
			name = Debug;
		};
		4CF68AEC2B9DFA28006F4419 /* Release */ = {
			isa = XCBuildConfiguration;
			buildSettings = {
				ASSETCATALOG_COMPILER_APPICON_NAME = AppIcon;
				ASSETCATALOG_COMPILER_GLOBAL_ACCENT_COLOR_NAME = AccentColor;
				CODE_SIGN_STYLE = Automatic;
				CURRENT_PROJECT_VERSION = 1;
				DEVELOPMENT_ASSET_PATHS = "\"Pieceprogresstracker/Preview Content\"";
				DEVELOPMENT_TEAM = C8YXN3W9N5;
				ENABLE_PREVIEWS = YES;
				GENERATE_INFOPLIST_FILE = YES;
				INFOPLIST_KEY_UIApplicationSceneManifest_Generation = YES;
				INFOPLIST_KEY_UIApplicationSupportsIndirectInputEvents = YES;
				INFOPLIST_KEY_UILaunchScreen_Generation = YES;
				INFOPLIST_KEY_UISupportedInterfaceOrientations_iPad = "UIInterfaceOrientationPortrait UIInterfaceOrientationPortraitUpsideDown UIInterfaceOrientationLandscapeLeft UIInterfaceOrientationLandscapeRight";
				INFOPLIST_KEY_UISupportedInterfaceOrientations_iPhone = "UIInterfaceOrientationPortrait UIInterfaceOrientationLandscapeLeft UIInterfaceOrientationLandscapeRight";
				LD_RUNPATH_SEARCH_PATHS = (
					"$(inherited)",
					"@executable_path/Frameworks",
				);
				MARKETING_VERSION = 1.0;
				PRODUCT_BUNDLE_IDENTIFIER = moshwash.Pieceprogresstracker;
				PRODUCT_NAME = "$(TARGET_NAME)";
				SWIFT_EMIT_LOC_STRINGS = YES;
				SWIFT_VERSION = 5.0;
				TARGETED_DEVICE_FAMILY = "1,2";
			};
			name = Release;
		};
/* End XCBuildConfiguration section */

/* Begin XCConfigurationList section */
		4CF68AD72B9DFA26006F4419 /* Build configuration list for PBXProject "Pieceprogresstracker" */ = {
			isa = XCConfigurationList;
			buildConfigurations = (
				4CF68AE82B9DFA28006F4419 /* Debug */,
				4CF68AE92B9DFA28006F4419 /* Release */,
			);
			defaultConfigurationIsVisible = 0;
			defaultConfigurationName = Release;
		};
		4CF68AEA2B9DFA28006F4419 /* Build configuration list for PBXNativeTarget "Pieceprogresstracker" */ = {
			isa = XCConfigurationList;
			buildConfigurations = (
				4CF68AEB2B9DFA28006F4419 /* Debug */,
				4CF68AEC2B9DFA28006F4419 /* Release */,
			);
			defaultConfigurationIsVisible = 0;
			defaultConfigurationName = Release;
		};
/* End XCConfigurationList section */
	};
	rootObject = 4CF68AD42B9DFA26006F4419 /* Project object */;
}
